<?xml version="1.0" encoding="utf-8"?>
<Project ToolsVersion="4.0" xmlns="http://schemas.microsoft.com/developer/msbuild/2003">
  <ItemGroup>
    <Filter Include="uwu">
      <UniqueIdentifier>{07233799-2953-42b0-8600-7e5e5bbf55f7}</UniqueIdentifier>
    </Filter>
    <Filter Include="Headers">
      <UniqueIdentifier>{c15d1a79-021e-4747-89bb-6937b5e08ed3}</UniqueIdentifier>
    </Filter>
    <Filter Include="Test">
      <UniqueIdentifier>{f0cb3e08-3d39-4035-a23a-8c456226763b}</UniqueIdentifier>
    </Filter>
    <Filter Include="Scene2D">
      <UniqueIdentifier>{1fe383af-dbf4-483c-97af-5b27a69c20fa}</UniqueIdentifier>
    </Filter>
    <Filter Include="Window">
      <UniqueIdentifier>{d0df38ba-7dc6-4460-93d8-1a64eb349784}</UniqueIdentifier>
    </Filter>
  </ItemGroup>
  <ItemGroup>
    <ClCompile Include="DirtGameEngine.cpp">
      <Filter>uwu</Filter>
    </ClCompile>
    <ClCompile Include="ErrorHandling.cpp">
      <Filter>uwu</Filter>
    </ClCompile>
    <ClCompile Include="Example.cpp">
      <Filter>Test</Filter>
    </ClCompile>
    <ClCompile Include="..\..\..\..\..\glad\src\glad.c">
      <Filter>uwu</Filter>
    </ClCompile>
    <ClCompile Include="Scene2D.cpp">
      <Filter>Scene2D</Filter>
    </ClCompile>
    <ClCompile Include="Window.cpp">
      <Filter>Window</Filter>
    </ClCompile>
  </ItemGroup>
  <ItemGroup>
    <ClInclude Include="DirtGameEngine.hpp">
      <Filter>Headers</Filter>
    </ClInclude>
    <ClInclude Include="ErrorHandling.hpp">
      <Filter>Headers</Filter>
    </ClInclude>
    <ClInclude Include="Scene2D.hpp">
      <Filter>Scene2D</Filter>
    </ClInclude>
    <ClInclude Include="Window.hpp">
      <Filter>Window</Filter>
    </ClInclude>
  </ItemGroup>
</Project>