<?xml version="1.0" encoding="utf-8"?>
<Project ToolsVersion="4.0" xmlns="http://schemas.microsoft.com/developer/msbuild/2003">
  <ItemGroup>
    <Filter Include="uwu">
      <UniqueIdentifier>{07233799-2953-42b0-8600-7e5e5bbf55f7}</UniqueIdentifier>
    </Filter>
    <Filter Include="Headers">
      <UniqueIdentifier>{c15d1a79-021e-4747-89bb-6937b5e08ed3}</UniqueIdentifier>
    </Filter>
    <Filter Include="Test">
      <UniqueIdentifier>{f0cb3e08-3d39-4035-a23a-8c456226763b}</UniqueIdentifier>
    </Filter>
    <Filter Include="Scene2D">
      <UniqueIdentifier>{1fe383af-dbf4-483c-97af-5b27a69c20fa}</UniqueIdentifier>
    </Filter>
    <Filter Include="Window">
      <UniqueIdentifier>{d0df38ba-7dc6-4460-93d8-1a64eb349784}</UniqueIdentifier>
    </Filter>
    <Filter Include="damned file">
      <UniqueIdentifier>{a8412f86-ea2d-46bf-b67f-e0e4a94c7fcf}</UniqueIdentifier>
    </Filter>
    <Filter Include="Texture">
      <UniqueIdentifier>{a1e7296c-2173-4419-9baf-cdbe588ad70e}</UniqueIdentifier>
    </Filter>
    <Filter Include="images">
      <UniqueIdentifier>{38817659-8415-4990-8fe3-14058f68536c}</UniqueIdentifier>
    </Filter>
    <Filter Include="Keyboard">
      <UniqueIdentifier>{06e75442-0725-4360-868d-df9259b45db2}</UniqueIdentifier>
    </Filter>
    <Filter Include="Scene2D\BasicShapes">
      <UniqueIdentifier>{04f03dad-4cba-4e3a-84c5-269a44583448}</UniqueIdentifier>
    </Filter>
    <Filter Include="Scene2D\Widgets">
      <UniqueIdentifier>{8629f771-8545-426a-abb0-66a9d2f5f3b3}</UniqueIdentifier>
    </Filter>
    <Filter Include="Mouse">
      <UniqueIdentifier>{9fedb38d-5658-40d3-8d11-db16e98f2721}</UniqueIdentifier>
    </Filter>
  </ItemGroup>
  <ItemGroup>
    <ClCompile Include="DirtGameEngine.cpp">
      <Filter>uwu</Filter>
    </ClCompile>
    <ClCompile Include="ErrorHandling.cpp">
      <Filter>uwu</Filter>
    </ClCompile>
    <ClCompile Include="Example.cpp">
      <Filter>Test</Filter>
    </ClCompile>
    <ClCompile Include="Scene2D.cpp">
      <Filter>Scene2D</Filter>
    </ClCompile>
    <ClCompile Include="Window.cpp">
      <Filter>Window</Filter>
    </ClCompile>
    <ClCompile Include="external_dependencies\src\glad.c">
      <Filter>damned file</Filter>
    </ClCompile>
    <ClCompile Include="Textures.cpp">
      <Filter>Texture</Filter>
    </ClCompile>
    <ClCompile Include="Keyboard.cpp">
      <Filter>Keyboard</Filter>
    </ClCompile>
    <ClCompile Include="bShapes2D.cpp">
      <Filter>Scene2D\BasicShapes</Filter>
    </ClCompile>
    <ClCompile Include="Widgets.cpp">
      <Filter>Scene2D\Widgets</Filter>
    </ClCompile>
    <ClCompile Include="Mouse.cpp">
      <Filter>Mouse</Filter>
    </ClCompile>
  </ItemGroup>
  <ItemGroup>
    <ClInclude Include="DirtGameEngine.hpp">
      <Filter>Headers</Filter>
    </ClInclude>
    <ClInclude Include="ErrorHandling.hpp">
      <Filter>Headers</Filter>
    </ClInclude>
    <ClInclude Include="Scene2D.hpp">
      <Filter>Scene2D</Filter>
    </ClInclude>
    <ClInclude Include="Window.hpp">
      <Filter>Window</Filter>
    </ClInclude>
    <ClInclude Include="Textures.hpp">
      <Filter>Texture</Filter>
    </ClInclude>
    <ClInclude Include="Keyboard.hpp">
      <Filter>Keyboard</Filter>
    </ClInclude>
    <ClInclude Include="bShapes2D.hpp">
      <Filter>Scene2D\BasicShapes</Filter>
    </ClInclude>
    <ClInclude Include="resource.h" />
    <ClInclude Include="Widgets.hpp">
      <Filter>Scene2D\Widgets</Filter>
    </ClInclude>
    <ClInclude Include="Mouse.hpp">
      <Filter>Mouse</Filter>
    </ClInclude>
  </ItemGroup>
  <ItemGroup>
    <ResourceCompile Include="DirtGameEngine.rc" />
  </ItemGroup>
</Project>